
Microsoft Visual Studio Solution File, Format Version 11.00
# Visual Studio 2010
Project("{FAE04EC0-301F-11D3-BF4B-00C04F79EFBC}") = "Assembly-CSharp", "Assembly-CSharp.csproj", "{74E67EA4-4A94-6A31-13BF-DA394A86C73F}"
EndProject
Project("{FAE04EC0-301F-11D3-BF4B-00C04F79EFBC}") = "Assembly-CSharp-Editor", "Assembly-CSharp-Editor.csproj", "{5424761B-9C39-90DB-7FC0-7B7E4CE414FE}"
EndProject
Global
	GlobalSection(SolutionConfigurationPlatforms) = preSolution
		Debug|Any CPU = Debug|Any CPU
		Release|Any CPU = Release|Any CPU
	EndGlobalSection
	GlobalSection(ProjectConfigurationPlatforms) = postSolution
		{74E67EA4-4A94-6A31-13BF-DA394A86C73F}.Debug|Any CPU.ActiveCfg = Debug|Any CPU
		{74E67EA4-4A94-6A31-13BF-DA394A86C73F}.Debug|Any CPU.Build.0 = Debug|Any CPU
		{74E67EA4-4A94-6A31-13BF-DA394A86C73F}.Release|Any CPU.ActiveCfg = Release|Any CPU
		{74E67EA4-4A94-6A31-13BF-DA394A86C73F}.Release|Any CPU.Build.0 = Release|Any CPU
		{5424761B-9C39-90DB-7FC0-7B7E4CE414FE}.Debug|Any CPU.ActiveCfg = Debug|Any CPU
		{5424761B-9C39-90DB-7FC0-7B7E4CE414FE}.Debug|Any CPU.Build.0 = Debug|Any CPU
		{5424761B-9C39-90DB-7FC0-7B7E4CE414FE}.Release|Any CPU.ActiveCfg = Release|Any CPU
		{5424761B-9C39-90DB-7FC0-7B7E4CE414FE}.Release|Any CPU.Build.0 = Release|Any CPU
	EndGlobalSection
	GlobalSection(SolutionProperties) = preSolution
		HideSolutionNode = FALSE
	EndGlobalSection
EndGlobal
